
Microsoft Visual Studio Solution File, Format Version 12.00
# Visual Studio Version 16
VisualStudioVersion = 16.0.32602.291
MinimumVisualStudioVersion = 10.0.40219.1
Project("{FAE04EC0-301F-11D3-BF4B-00C04F79EFBC}") = "Calculator", "Calculator\Calculator.csproj", "{79293B04-3B36-4FCC-BD4E-515017183789}"
EndProject
Project("{FAE04EC0-301F-11D3-BF4B-00C04F79EFBC}") = "CalculatorLibrary", "CalculatorLibrary\CalculatorLibrary.csproj", "{26FDE834-C336-428C-8683-8579DC41A993}"
EndProject
Project("{FAE04EC0-301F-11D3-BF4B-00C04F79EFBC}") = "CalculatorLibrary.Test", "CalculatorLibrary.Test\CalculatorLibrary.Test.csproj", "{74F06BAA-B8E0-48E8-A6ED-EBB6FD8BB19F}"
EndProject
Global
	GlobalSection(SolutionConfigurationPlatforms) = preSolution
		Debug|Any CPU = Debug|Any CPU
		Release|Any CPU = Release|Any CPU
	EndGlobalSection
	GlobalSection(ProjectConfigurationPlatforms) = postSolution
		{79293B04-3B36-4FCC-BD4E-515017183789}.Debug|Any CPU.ActiveCfg = Debug|Any CPU
		{79293B04-3B36-4FCC-BD4E-515017183789}.Debug|Any CPU.Build.0 = Debug|Any CPU
		{79293B04-3B36-4FCC-BD4E-515017183789}.Release|Any CPU.ActiveCfg = Release|Any CPU
		{79293B04-3B36-4FCC-BD4E-515017183789}.Release|Any CPU.Build.0 = Release|Any CPU
		{26FDE834-C336-428C-8683-8579DC41A993}.Debug|Any CPU.ActiveCfg = Debug|Any CPU
		{26FDE834-C336-428C-8683-8579DC41A993}.Debug|Any CPU.Build.0 = Debug|Any CPU
		{26FDE834-C336-428C-8683-8579DC41A993}.Release|Any CPU.ActiveCfg = Release|Any CPU
		{26FDE834-C336-428C-8683-8579DC41A993}.Release|Any CPU.Build.0 = Release|Any CPU
		{74F06BAA-B8E0-48E8-A6ED-EBB6FD8BB19F}.Debug|Any CPU.ActiveCfg = Debug|Any CPU
		{74F06BAA-B8E0-48E8-A6ED-EBB6FD8BB19F}.Debug|Any CPU.Build.0 = Debug|Any CPU
		{74F06BAA-B8E0-48E8-A6ED-EBB6FD8BB19F}.Release|Any CPU.ActiveCfg = Release|Any CPU
		{74F06BAA-B8E0-48E8-A6ED-EBB6FD8BB19F}.Release|Any CPU.Build.0 = Release|Any CPU
	EndGlobalSection
	GlobalSection(SolutionProperties) = preSolution
		HideSolutionNode = FALSE
	EndGlobalSection
	GlobalSection(ExtensibilityGlobals) = postSolution
		SolutionGuid = {03F27890-B07A-466B-B2A1-843B31B23AC7}
	EndGlobalSection
EndGlobal
